// !$*UTF8*$!
{
	archiveVersion = 1;
	classes = {
	};
	objectVersion = 56;
	objects = {

/* Begin PBXBuildFile section */
		0494A20ABCF54BD47F971A4C /* Pods_AviaTicketsApp.framework in Frameworks */ = {isa = PBXBuildFile; fileRef = C483D0D017FB00C759DC5473 /* Pods_AviaTicketsApp.framework */; };
		637500002C0C8C8500EC1E36 /* PlaceTableContainerView.swift in Sources */ = {isa = PBXBuildFile; fileRef = 6375FFFF2C0C8C8500EC1E36 /* PlaceTableContainerView.swift */; };
		637500042C0CB48B00EC1E36 /* RouteSuggestionsViewController.swift in Sources */ = {isa = PBXBuildFile; fileRef = 637500032C0CB48B00EC1E36 /* RouteSuggestionsViewController.swift */; };
		637500062C0CB4AF00EC1E36 /* RouteSuggestionsViewModel.swift in Sources */ = {isa = PBXBuildFile; fileRef = 637500052C0CB4AF00EC1E36 /* RouteSuggestionsViewModel.swift */; };
		637500082C0CB4BB00EC1E36 /* RouteSuggestionsModel.swift in Sources */ = {isa = PBXBuildFile; fileRef = 637500072C0CB4BB00EC1E36 /* RouteSuggestionsModel.swift */; };
		6375000A2C0CB66200EC1E36 /* OptionsDataSource.swift in Sources */ = {isa = PBXBuildFile; fileRef = 637500092C0CB66200EC1E36 /* OptionsDataSource.swift */; };
		6375000C2C0CB68B00EC1E36 /* RouteDataSource.swift in Sources */ = {isa = PBXBuildFile; fileRef = 6375000B2C0CB68B00EC1E36 /* RouteDataSource.swift */; };
		637500102C0CB6C300EC1E36 /* RouteSearchContainerView.swift in Sources */ = {isa = PBXBuildFile; fileRef = 6375000F2C0CB6C300EC1E36 /* RouteSearchContainerView.swift */; };
		637500122C0CB7A500EC1E36 /* RouteContainerView.swift in Sources */ = {isa = PBXBuildFile; fileRef = 637500112C0CB7A500EC1E36 /* RouteContainerView.swift */; };
		637500142C0D05C200EC1E36 /* RouteProps.swift in Sources */ = {isa = PBXBuildFile; fileRef = 637500132C0D05C200EC1E36 /* RouteProps.swift */; };
		637500172C0D065D00EC1E36 /* RouteCell.swift in Sources */ = {isa = PBXBuildFile; fileRef = 637500162C0D065D00EC1E36 /* RouteCell.swift */; };
		637500192C0D8EB700EC1E36 /* OptionCell.swift in Sources */ = {isa = PBXBuildFile; fileRef = 637500182C0D8EB600EC1E36 /* OptionCell.swift */; };
		6375001B2C0D8ED700EC1E36 /* DateCell.swift in Sources */ = {isa = PBXBuildFile; fileRef = 6375001A2C0D8ED700EC1E36 /* DateCell.swift */; };
		6375FF932C088D0C00EC1E36 /* AppDelegate.swift in Sources */ = {isa = PBXBuildFile; fileRef = 6375FF922C088D0C00EC1E36 /* AppDelegate.swift */; };
		6375FF952C088D0C00EC1E36 /* SceneDelegate.swift in Sources */ = {isa = PBXBuildFile; fileRef = 6375FF942C088D0C00EC1E36 /* SceneDelegate.swift */; };
		6375FF9A2C088D0C00EC1E36 /* Main.storyboard in Resources */ = {isa = PBXBuildFile; fileRef = 6375FF982C088D0C00EC1E36 /* Main.storyboard */; };
		6375FF9C2C088D1500EC1E36 /* Assets.xcassets in Resources */ = {isa = PBXBuildFile; fileRef = 6375FF9B2C088D1500EC1E36 /* Assets.xcassets */; };
		6375FF9F2C088D1500EC1E36 /* LaunchScreen.storyboard in Resources */ = {isa = PBXBuildFile; fileRef = 6375FF9D2C088D1500EC1E36 /* LaunchScreen.storyboard */; };
		6375FFAD2C08921100EC1E36 /* TabBarModel.swift in Sources */ = {isa = PBXBuildFile; fileRef = 6375FFAC2C08921100EC1E36 /* TabBarModel.swift */; };
		6375FFB12C08955A00EC1E36 /* MainViewController.swift in Sources */ = {isa = PBXBuildFile; fileRef = 6375FFB02C08955A00EC1E36 /* MainViewController.swift */; };
		6375FFB42C08959000EC1E36 /* MainViewModel.swift in Sources */ = {isa = PBXBuildFile; fileRef = 6375FFB32C08959000EC1E36 /* MainViewModel.swift */; };
		6375FFB62C0895B400EC1E36 /* ConcertImage.swift in Sources */ = {isa = PBXBuildFile; fileRef = 6375FFB52C0895B400EC1E36 /* ConcertImage.swift */; };
		6375FFB82C0895CB00EC1E36 /* AppCoordinator.swift in Sources */ = {isa = PBXBuildFile; fileRef = 6375FFB72C0895CB00EC1E36 /* AppCoordinator.swift */; };
		6375FFBF2C089DBD00EC1E36 /* Common.strings in Resources */ = {isa = PBXBuildFile; fileRef = 6375FFBE2C089DBC00EC1E36 /* Common.strings */; };
		6375FFC12C089DCD00EC1E36 /* Main.strings in Resources */ = {isa = PBXBuildFile; fileRef = 6375FFC02C089DCD00EC1E36 /* Main.strings */; };
		6375FFC52C08A19A00EC1E36 /* Main.swift in Sources */ = {isa = PBXBuildFile; fileRef = 6375FFC22C08A19900EC1E36 /* Main.swift */; };
		6375FFC62C08A19A00EC1E36 /* Assets.swift in Sources */ = {isa = PBXBuildFile; fileRef = 6375FFC32C08A19A00EC1E36 /* Assets.swift */; };
		6375FFC72C08A19A00EC1E36 /* Common.swift in Sources */ = {isa = PBXBuildFile; fileRef = 6375FFC42C08A19A00EC1E36 /* Common.swift */; };
		6375FFCA2C08BBED00EC1E36 /* ConcertDataSource.swift in Sources */ = {isa = PBXBuildFile; fileRef = 6375FFC92C08BBED00EC1E36 /* ConcertDataSource.swift */; };
		6375FFCC2C08BC2E00EC1E36 /* ConsertCell.swift in Sources */ = {isa = PBXBuildFile; fileRef = 6375FFCB2C08BC2E00EC1E36 /* ConsertCell.swift */; };
		6375FFD32C0A04A300EC1E36 /* AviaCoordinator.swift in Sources */ = {isa = PBXBuildFile; fileRef = 6375FFD22C0A04A300EC1E36 /* AviaCoordinator.swift */; };
		6375FFD82C0A384C00EC1E36 /* ColorPalette.swift in Sources */ = {isa = PBXBuildFile; fileRef = 6375FFD72C0A384C00EC1E36 /* ColorPalette.swift */; };
		6375FFDA2C0A3C2900EC1E36 /* Typography.swift in Sources */ = {isa = PBXBuildFile; fileRef = 6375FFD92C0A3C2900EC1E36 /* Typography.swift */; };
		6375FFDC2C0B219C00EC1E36 /* Shadows.swift in Sources */ = {isa = PBXBuildFile; fileRef = 6375FFDB2C0B219C00EC1E36 /* Shadows.swift */; };
		6375FFDE2C0B265C00EC1E36 /* Borders.swift in Sources */ = {isa = PBXBuildFile; fileRef = 6375FFDD2C0B265C00EC1E36 /* Borders.swift */; };
		6375FFE02C0B483A00EC1E36 /* APIService.swift in Sources */ = {isa = PBXBuildFile; fileRef = 6375FFDF2C0B483A00EC1E36 /* APIService.swift */; };
		6375FFE22C0B4E2800EC1E36 /* ConcertListResponse.swift in Sources */ = {isa = PBXBuildFile; fileRef = 6375FFE12C0B4E2800EC1E36 /* ConcertListResponse.swift */; };
		6375FFE52C0B4F9900EC1E36 /* TicketsResponse.swift in Sources */ = {isa = PBXBuildFile; fileRef = 6375FFE42C0B4F9900EC1E36 /* TicketsResponse.swift */; };
		6375FFE72C0B4FA800EC1E36 /* FlightsResponce.swift in Sources */ = {isa = PBXBuildFile; fileRef = 6375FFE62C0B4FA800EC1E36 /* FlightsResponce.swift */; };
		6375FFEA2C0B78C800EC1E36 /* SearchViewController.swift in Sources */ = {isa = PBXBuildFile; fileRef = 6375FFE92C0B78C800EC1E36 /* SearchViewController.swift */; };
		6375FFEC2C0B78E000EC1E36 /* SearchViewModel.swift in Sources */ = {isa = PBXBuildFile; fileRef = 6375FFEB2C0B78E000EC1E36 /* SearchViewModel.swift */; };
		6375FFF02C0B791900EC1E36 /* SearchDataSource.swift in Sources */ = {isa = PBXBuildFile; fileRef = 6375FFEF2C0B791900EC1E36 /* SearchDataSource.swift */; };
		6375FFF62C0C72E300EC1E36 /* OptionsStackView.swift in Sources */ = {isa = PBXBuildFile; fileRef = 6375FFF52C0C72E300EC1E36 /* OptionsStackView.swift */; };
		6375FFFA2C0C746100EC1E36 /* SearchContainerView.swift in Sources */ = {isa = PBXBuildFile; fileRef = 6375FFF92C0C746100EC1E36 /* SearchContainerView.swift */; };
		6375FFFC2C0C7A7800EC1E36 /* DestinationProps.swift in Sources */ = {isa = PBXBuildFile; fileRef = 6375FFFB2C0C7A7800EC1E36 /* DestinationProps.swift */; };
		6375FFFE2C0C7AA100EC1E36 /* DestinationTableViewCell.swift in Sources */ = {isa = PBXBuildFile; fileRef = 6375FFFD2C0C7AA100EC1E36 /* DestinationTableViewCell.swift */; };
		6389A3C52C0DDA480021BFAE /* Data extension.swift in Sources */ = {isa = PBXBuildFile; fileRef = 6389A3C42C0DDA480021BFAE /* Data extension.swift */; };
		6389A3C72C0DE87D0021BFAE /* PlugViewController.swift in Sources */ = {isa = PBXBuildFile; fileRef = 6389A3C62C0DE87D0021BFAE /* PlugViewController.swift */; };
		6389A3CB2C0E19D80021BFAE /* CommingSoonCoordinator.swift in Sources */ = {isa = PBXBuildFile; fileRef = 6389A3CA2C0E19D80021BFAE /* CommingSoonCoordinator.swift */; };
		6389A3CE2C0E1D060021BFAE /* FlightModel.swift in Sources */ = {isa = PBXBuildFile; fileRef = 6389A3CD2C0E1D060021BFAE /* FlightModel.swift */; };
		6389A3D12C0E1F9F0021BFAE /* ConcertProps.swift in Sources */ = {isa = PBXBuildFile; fileRef = 6389A3D02C0E1F9F0021BFAE /* ConcertProps.swift */; };
/* End PBXBuildFile section */

/* Begin PBXFileReference section */
		637500032C0CB48B00EC1E36 /* RouteSuggestionsViewController.swift */ = {isa = PBXFileReference; lastKnownFileType = sourcecode.swift; path = RouteSuggestionsViewController.swift; sourceTree = "<group>"; };
		637500052C0CB4AF00EC1E36 /* RouteSuggestionsViewModel.swift */ = {isa = PBXFileReference; lastKnownFileType = sourcecode.swift; path = RouteSuggestionsViewModel.swift; sourceTree = "<group>"; };
		637500072C0CB4BB00EC1E36 /* RouteSuggestionsModel.swift */ = {isa = PBXFileReference; lastKnownFileType = sourcecode.swift; path = RouteSuggestionsModel.swift; sourceTree = "<group>"; };
		637500092C0CB66200EC1E36 /* OptionsDataSource.swift */ = {isa = PBXFileReference; lastKnownFileType = sourcecode.swift; path = OptionsDataSource.swift; sourceTree = "<group>"; };
		6375000B2C0CB68B00EC1E36 /* RouteDataSource.swift */ = {isa = PBXFileReference; lastKnownFileType = sourcecode.swift; path = RouteDataSource.swift; sourceTree = "<group>"; };
		6375000F2C0CB6C300EC1E36 /* RouteSearchContainerView.swift */ = {isa = PBXFileReference; lastKnownFileType = sourcecode.swift; path = RouteSearchContainerView.swift; sourceTree = "<group>"; };
		637500112C0CB7A500EC1E36 /* RouteContainerView.swift */ = {isa = PBXFileReference; lastKnownFileType = sourcecode.swift; path = RouteContainerView.swift; sourceTree = "<group>"; };
		637500132C0D05C200EC1E36 /* RouteProps.swift */ = {isa = PBXFileReference; lastKnownFileType = sourcecode.swift; path = RouteProps.swift; sourceTree = "<group>"; };
		637500162C0D065D00EC1E36 /* RouteCell.swift */ = {isa = PBXFileReference; lastKnownFileType = sourcecode.swift; path = RouteCell.swift; sourceTree = "<group>"; };
		637500182C0D8EB600EC1E36 /* OptionCell.swift */ = {isa = PBXFileReference; lastKnownFileType = sourcecode.swift; path = OptionCell.swift; sourceTree = "<group>"; };
		6375001A2C0D8ED700EC1E36 /* DateCell.swift */ = {isa = PBXFileReference; lastKnownFileType = sourcecode.swift; path = DateCell.swift; sourceTree = "<group>"; };
		6375FF8F2C088D0C00EC1E36 /* AviaTicketsApp.app */ = {isa = PBXFileReference; explicitFileType = wrapper.application; includeInIndex = 0; path = AviaTicketsApp.app; sourceTree = BUILT_PRODUCTS_DIR; };
		6375FF922C088D0C00EC1E36 /* AppDelegate.swift */ = {isa = PBXFileReference; lastKnownFileType = sourcecode.swift; path = AppDelegate.swift; sourceTree = "<group>"; };
		6375FF942C088D0C00EC1E36 /* SceneDelegate.swift */ = {isa = PBXFileReference; lastKnownFileType = sourcecode.swift; path = SceneDelegate.swift; sourceTree = "<group>"; };
		6375FF992C088D0C00EC1E36 /* Base */ = {isa = PBXFileReference; lastKnownFileType = file.storyboard; name = Base; path = Base.lproj/Main.storyboard; sourceTree = "<group>"; };
		6375FF9B2C088D1500EC1E36 /* Assets.xcassets */ = {isa = PBXFileReference; lastKnownFileType = folder.assetcatalog; path = Assets.xcassets; sourceTree = "<group>"; };
		6375FF9E2C088D1500EC1E36 /* Base */ = {isa = PBXFileReference; lastKnownFileType = file.storyboard; name = Base; path = Base.lproj/LaunchScreen.storyboard; sourceTree = "<group>"; };
		6375FFA02C088D1500EC1E36 /* Info.plist */ = {isa = PBXFileReference; lastKnownFileType = text.plist.xml; path = Info.plist; sourceTree = "<group>"; };
		6375FFAC2C08921100EC1E36 /* TabBarModel.swift */ = {isa = PBXFileReference; lastKnownFileType = sourcecode.swift; path = TabBarModel.swift; sourceTree = "<group>"; };
		6375FFB02C08955A00EC1E36 /* MainViewController.swift */ = {isa = PBXFileReference; lastKnownFileType = sourcecode.swift; path = MainViewController.swift; sourceTree = "<group>"; };
		6375FFB32C08959000EC1E36 /* MainViewModel.swift */ = {isa = PBXFileReference; lastKnownFileType = sourcecode.swift; path = MainViewModel.swift; sourceTree = "<group>"; };
		6375FFB52C0895B400EC1E36 /* ConcertImage.swift */ = {isa = PBXFileReference; lastKnownFileType = sourcecode.swift; path = ConcertImage.swift; sourceTree = "<group>"; };
		6375FFB72C0895CB00EC1E36 /* AppCoordinator.swift */ = {isa = PBXFileReference; lastKnownFileType = sourcecode.swift; path = AppCoordinator.swift; sourceTree = "<group>"; };
		6375FFBE2C089DBC00EC1E36 /* Common.strings */ = {isa = PBXFileReference; lastKnownFileType = text.plist.strings; path = Common.strings; sourceTree = "<group>"; };
		6375FFC02C089DCD00EC1E36 /* Main.strings */ = {isa = PBXFileReference; lastKnownFileType = text.plist.strings; path = Main.strings; sourceTree = "<group>"; };
		6375FFC22C08A19900EC1E36 /* Main.swift */ = {isa = PBXFileReference; fileEncoding = 4; lastKnownFileType = sourcecode.swift; path = Main.swift; sourceTree = "<group>"; };
		6375FFC32C08A19A00EC1E36 /* Assets.swift */ = {isa = PBXFileReference; fileEncoding = 4; lastKnownFileType = sourcecode.swift; path = Assets.swift; sourceTree = "<group>"; };
		6375FFC42C08A19A00EC1E36 /* Common.swift */ = {isa = PBXFileReference; fileEncoding = 4; lastKnownFileType = sourcecode.swift; path = Common.swift; sourceTree = "<group>"; };
		6375FFC92C08BBED00EC1E36 /* ConcertDataSource.swift */ = {isa = PBXFileReference; lastKnownFileType = sourcecode.swift; path = ConcertDataSource.swift; sourceTree = "<group>"; };
		6375FFCB2C08BC2E00EC1E36 /* ConsertCell.swift */ = {isa = PBXFileReference; lastKnownFileType = sourcecode.swift; path = ConsertCell.swift; sourceTree = "<group>"; };
		6375FFD22C0A04A300EC1E36 /* AviaCoordinator.swift */ = {isa = PBXFileReference; lastKnownFileType = sourcecode.swift; path = AviaCoordinator.swift; sourceTree = "<group>"; };
		6375FFD72C0A384C00EC1E36 /* ColorPalette.swift */ = {isa = PBXFileReference; lastKnownFileType = sourcecode.swift; path = ColorPalette.swift; sourceTree = "<group>"; };
		6375FFD92C0A3C2900EC1E36 /* Typography.swift */ = {isa = PBXFileReference; lastKnownFileType = sourcecode.swift; path = Typography.swift; sourceTree = "<group>"; };
		6375FFDB2C0B219C00EC1E36 /* Shadows.swift */ = {isa = PBXFileReference; lastKnownFileType = sourcecode.swift; path = Shadows.swift; sourceTree = "<group>"; };
		6375FFDD2C0B265C00EC1E36 /* Borders.swift */ = {isa = PBXFileReference; lastKnownFileType = sourcecode.swift; path = Borders.swift; sourceTree = "<group>"; };
		6375FFDF2C0B483A00EC1E36 /* APIService.swift */ = {isa = PBXFileReference; lastKnownFileType = sourcecode.swift; path = APIService.swift; sourceTree = "<group>"; };
		6375FFE12C0B4E2800EC1E36 /* ConcertListResponse.swift */ = {isa = PBXFileReference; lastKnownFileType = sourcecode.swift; path = ConcertListResponse.swift; sourceTree = "<group>"; };
		6375FFE42C0B4F9900EC1E36 /* TicketsResponse.swift */ = {isa = PBXFileReference; lastKnownFileType = sourcecode.swift; path = TicketsResponse.swift; sourceTree = "<group>"; };
		6375FFE62C0B4FA800EC1E36 /* FlightsResponce.swift */ = {isa = PBXFileReference; lastKnownFileType = sourcecode.swift; path = FlightsResponce.swift; sourceTree = "<group>"; };
		6375FFE92C0B78C800EC1E36 /* SearchViewController.swift */ = {isa = PBXFileReference; lastKnownFileType = sourcecode.swift; path = SearchViewController.swift; sourceTree = "<group>"; };
		6375FFEB2C0B78E000EC1E36 /* SearchViewModel.swift */ = {isa = PBXFileReference; lastKnownFileType = sourcecode.swift; path = SearchViewModel.swift; sourceTree = "<group>"; };
		6375FFEF2C0B791900EC1E36 /* SearchDataSource.swift */ = {isa = PBXFileReference; lastKnownFileType = sourcecode.swift; path = SearchDataSource.swift; sourceTree = "<group>"; };
		6375FFF52C0C72E300EC1E36 /* OptionsStackView.swift */ = {isa = PBXFileReference; lastKnownFileType = sourcecode.swift; path = OptionsStackView.swift; sourceTree = "<group>"; };
		6375FFF92C0C746100EC1E36 /* SearchContainerView.swift */ = {isa = PBXFileReference; lastKnownFileType = sourcecode.swift; path = SearchContainerView.swift; sourceTree = "<group>"; };
		6375FFFB2C0C7A7800EC1E36 /* DestinationProps.swift */ = {isa = PBXFileReference; lastKnownFileType = sourcecode.swift; path = DestinationProps.swift; sourceTree = "<group>"; };
		6375FFFD2C0C7AA100EC1E36 /* DestinationTableViewCell.swift */ = {isa = PBXFileReference; lastKnownFileType = sourcecode.swift; path = DestinationTableViewCell.swift; sourceTree = "<group>"; };
		6375FFFF2C0C8C8500EC1E36 /* PlaceTableContainerView.swift */ = {isa = PBXFileReference; lastKnownFileType = sourcecode.swift; path = PlaceTableContainerView.swift; sourceTree = "<group>"; };
		6389A3C42C0DDA480021BFAE /* Data extension.swift */ = {isa = PBXFileReference; lastKnownFileType = sourcecode.swift; path = "Data extension.swift"; sourceTree = "<group>"; };
		6389A3C62C0DE87D0021BFAE /* PlugViewController.swift */ = {isa = PBXFileReference; lastKnownFileType = sourcecode.swift; path = PlugViewController.swift; sourceTree = "<group>"; };
		6389A3CA2C0E19D80021BFAE /* CommingSoonCoordinator.swift */ = {isa = PBXFileReference; lastKnownFileType = sourcecode.swift; path = CommingSoonCoordinator.swift; sourceTree = "<group>"; };
		6389A3CD2C0E1D060021BFAE /* FlightModel.swift */ = {isa = PBXFileReference; lastKnownFileType = sourcecode.swift; path = FlightModel.swift; sourceTree = "<group>"; };
		6389A3D02C0E1F9F0021BFAE /* ConcertProps.swift */ = {isa = PBXFileReference; lastKnownFileType = sourcecode.swift; path = ConcertProps.swift; sourceTree = "<group>"; };
		9450322BD7A53063FFB9D3B9 /* Pods-AviaTicketsApp.debug.xcconfig */ = {isa = PBXFileReference; includeInIndex = 1; lastKnownFileType = text.xcconfig; name = "Pods-AviaTicketsApp.debug.xcconfig"; path = "Target Support Files/Pods-AviaTicketsApp/Pods-AviaTicketsApp.debug.xcconfig"; sourceTree = "<group>"; };
		C483D0D017FB00C759DC5473 /* Pods_AviaTicketsApp.framework */ = {isa = PBXFileReference; explicitFileType = wrapper.framework; includeInIndex = 0; path = Pods_AviaTicketsApp.framework; sourceTree = BUILT_PRODUCTS_DIR; };
		E857FA6C4ACA5DAD79DC13A2 /* Pods-AviaTicketsApp.release.xcconfig */ = {isa = PBXFileReference; includeInIndex = 1; lastKnownFileType = text.xcconfig; name = "Pods-AviaTicketsApp.release.xcconfig"; path = "Target Support Files/Pods-AviaTicketsApp/Pods-AviaTicketsApp.release.xcconfig"; sourceTree = "<group>"; };
/* End PBXFileReference section */

/* Begin PBXFrameworksBuildPhase section */
		6375FF8C2C088D0C00EC1E36 /* Frameworks */ = {
			isa = PBXFrameworksBuildPhase;
			buildActionMask = 2147483647;
			files = (
				0494A20ABCF54BD47F971A4C /* Pods_AviaTicketsApp.framework in Frameworks */,
			);
			runOnlyForDeploymentPostprocessing = 0;
		};
/* End PBXFrameworksBuildPhase section */

/* Begin PBXGroup section */
		637500012C0C8EDE00EC1E36 /* Cell */ = {
			isa = PBXGroup;
			children = (
				6375FFFD2C0C7AA100EC1E36 /* DestinationTableViewCell.swift */,
			);
			path = Cell;
			sourceTree = "<group>";
		};
		637500022C0CA8BE00EC1E36 /* ContryAdded */ = {
			isa = PBXGroup;
			children = (
				6375000E2C0CB69F00EC1E36 /* Views */,
				6375000D2C0CB68F00EC1E36 /* DataSource */,
				637500032C0CB48B00EC1E36 /* RouteSuggestionsViewController.swift */,
				637500052C0CB4AF00EC1E36 /* RouteSuggestionsViewModel.swift */,
				637500072C0CB4BB00EC1E36 /* RouteSuggestionsModel.swift */,
			);
			path = ContryAdded;
			sourceTree = "<group>";
		};
		6375000D2C0CB68F00EC1E36 /* DataSource */ = {
			isa = PBXGroup;
			children = (
				637500092C0CB66200EC1E36 /* OptionsDataSource.swift */,
				6375000B2C0CB68B00EC1E36 /* RouteDataSource.swift */,
				637500132C0D05C200EC1E36 /* RouteProps.swift */,
			);
			path = DataSource;
			sourceTree = "<group>";
		};
		6375000E2C0CB69F00EC1E36 /* Views */ = {
			isa = PBXGroup;
			children = (
				637500152C0D063700EC1E36 /* Cell */,
				6375000F2C0CB6C300EC1E36 /* RouteSearchContainerView.swift */,
				637500112C0CB7A500EC1E36 /* RouteContainerView.swift */,
			);
			path = Views;
			sourceTree = "<group>";
		};
		637500152C0D063700EC1E36 /* Cell */ = {
			isa = PBXGroup;
			children = (
				637500162C0D065D00EC1E36 /* RouteCell.swift */,
				637500182C0D8EB600EC1E36 /* OptionCell.swift */,
				6375001A2C0D8ED700EC1E36 /* DateCell.swift */,
			);
			path = Cell;
			sourceTree = "<group>";
		};
		6375FF862C088D0C00EC1E36 = {
			isa = PBXGroup;
			children = (
				6375FF912C088D0C00EC1E36 /* AviaTicketsApp */,
				6375FF902C088D0C00EC1E36 /* Products */,
				82178FC24FAE0B4558DCD373 /* Pods */,
				AEA695DB2CC449DCB533C6D3 /* Frameworks */,
			);
			sourceTree = "<group>";
		};
		6375FF902C088D0C00EC1E36 /* Products */ = {
			isa = PBXGroup;
			children = (
				6375FF8F2C088D0C00EC1E36 /* AviaTicketsApp.app */,
			);
			name = Products;
			sourceTree = "<group>";
		};
		6375FF912C088D0C00EC1E36 /* AviaTicketsApp */ = {
			isa = PBXGroup;
			children = (
				6375FFD62C0A381100EC1E36 /* Extensions */,
				6375FFA92C0891D900EC1E36 /* Service */,
				6375FFA72C088E9400EC1E36 /* Resources */,
				6375FFD42C0A190600EC1E36 /* Coordinators */,
				6375FFAB2C0891FA00EC1E36 /* TabBar */,
				6375FFA82C088F8A00EC1E36 /* Flow */,
			);
			path = AviaTicketsApp;
			sourceTree = "<group>";
		};
		6375FFA62C088E8200EC1E36 /* Networking */ = {
			isa = PBXGroup;
			children = (
				6375FFE32C0B4E3100EC1E36 /* Responses */,
				6375FFDF2C0B483A00EC1E36 /* APIService.swift */,
			);
			path = Networking;
			sourceTree = "<group>";
		};
		6375FFA72C088E9400EC1E36 /* Resources */ = {
			isa = PBXGroup;
			children = (
				6375FFBC2C089B5400EC1E36 /* Generated */,
				6375FFBB2C089B4800EC1E36 /* Localizable */,
				6375FF922C088D0C00EC1E36 /* AppDelegate.swift */,
				6375FF942C088D0C00EC1E36 /* SceneDelegate.swift */,
				6375FF9B2C088D1500EC1E36 /* Assets.xcassets */,
				6375FF9D2C088D1500EC1E36 /* LaunchScreen.storyboard */,
				6375FF982C088D0C00EC1E36 /* Main.storyboard */,
				6375FFA02C088D1500EC1E36 /* Info.plist */,
			);
			path = Resources;
			sourceTree = "<group>";
		};
		6375FFA82C088F8A00EC1E36 /* Flow */ = {
			isa = PBXGroup;
			children = (
				6389A3CF2C0E1D220021BFAE /* GeneralModels */,
				6375FFB22C08956D00EC1E36 /* Main */,
				6375FFE82C0B788500EC1E36 /* Search */,
				637500022C0CA8BE00EC1E36 /* ContryAdded */,
				6375FFD52C0A193300EC1E36 /* CoomingSoon */,
			);
			path = Flow;
			sourceTree = "<group>";
		};
		6375FFA92C0891D900EC1E36 /* Service */ = {
			isa = PBXGroup;
			children = (
				6375FFA62C088E8200EC1E36 /* Networking */,
			);
			path = Service;
			sourceTree = "<group>";
		};
		6375FFAB2C0891FA00EC1E36 /* TabBar */ = {
			isa = PBXGroup;
			children = (
				6375FFAC2C08921100EC1E36 /* TabBarModel.swift */,
			);
			path = TabBar;
			sourceTree = "<group>";
		};
		6375FFB22C08956D00EC1E36 /* Main */ = {
			isa = PBXGroup;
			children = (
				6389A3CC2C0E1C740021BFAE /* Models */,
				6375FFCD2C08BC3400EC1E36 /* View */,
				6375FFC82C08BBD600EC1E36 /* DataSource */,
				6375FFB02C08955A00EC1E36 /* MainViewController.swift */,
				6375FFB32C08959000EC1E36 /* MainViewModel.swift */,
			);
			path = Main;
			sourceTree = "<group>";
		};
		6375FFBB2C089B4800EC1E36 /* Localizable */ = {
			isa = PBXGroup;
			children = (
				6375FFBE2C089DBC00EC1E36 /* Common.strings */,
				6375FFC02C089DCD00EC1E36 /* Main.strings */,
			);
			path = Localizable;
			sourceTree = "<group>";
		};
		6375FFBC2C089B5400EC1E36 /* Generated */ = {
			isa = PBXGroup;
			children = (
				6375FFC32C08A19A00EC1E36 /* Assets.swift */,
				6375FFC42C08A19A00EC1E36 /* Common.swift */,
				6375FFC22C08A19900EC1E36 /* Main.swift */,
			);
			path = Generated;
			sourceTree = "<group>";
		};
		6375FFC82C08BBD600EC1E36 /* DataSource */ = {
			isa = PBXGroup;
			children = (
				6375FFC92C08BBED00EC1E36 /* ConcertDataSource.swift */,
				6389A3D02C0E1F9F0021BFAE /* ConcertProps.swift */,
			);
			path = DataSource;
			sourceTree = "<group>";
		};
		6375FFCD2C08BC3400EC1E36 /* View */ = {
			isa = PBXGroup;
			children = (
				6375FFCB2C08BC2E00EC1E36 /* ConsertCell.swift */,
			);
			path = View;
			sourceTree = "<group>";
		};
		6375FFD42C0A190600EC1E36 /* Coordinators */ = {
			isa = PBXGroup;
			children = (
				6375FFB72C0895CB00EC1E36 /* AppCoordinator.swift */,
				6375FFD22C0A04A300EC1E36 /* AviaCoordinator.swift */,
				6389A3CA2C0E19D80021BFAE /* CommingSoonCoordinator.swift */,
			);
			path = Coordinators;
			sourceTree = "<group>";
		};
		6375FFD52C0A193300EC1E36 /* CoomingSoon */ = {
			isa = PBXGroup;
			children = (
				6389A3C62C0DE87D0021BFAE /* PlugViewController.swift */,
			);
			path = CoomingSoon;
			sourceTree = "<group>";
		};
		6375FFD62C0A381100EC1E36 /* Extensions */ = {
			isa = PBXGroup;
			children = (
				6375FFD72C0A384C00EC1E36 /* ColorPalette.swift */,
				6375FFD92C0A3C2900EC1E36 /* Typography.swift */,
				6375FFDB2C0B219C00EC1E36 /* Shadows.swift */,
				6375FFDD2C0B265C00EC1E36 /* Borders.swift */,
				6389A3C42C0DDA480021BFAE /* Data extension.swift */,
			);
			path = Extensions;
			sourceTree = "<group>";
		};
		6375FFE32C0B4E3100EC1E36 /* Responses */ = {
			isa = PBXGroup;
			children = (
				6375FFE12C0B4E2800EC1E36 /* ConcertListResponse.swift */,
				6375FFE62C0B4FA800EC1E36 /* FlightsResponce.swift */,
				6375FFE42C0B4F9900EC1E36 /* TicketsResponse.swift */,
			);
			path = Responses;
			sourceTree = "<group>";
		};
		6375FFE82C0B788500EC1E36 /* Search */ = {
			isa = PBXGroup;
			children = (
				6375FFF22C0B792C00EC1E36 /* View */,
				6375FFF12C0B791C00EC1E36 /* DataSource */,
				6375FFE92C0B78C800EC1E36 /* SearchViewController.swift */,
				6375FFEB2C0B78E000EC1E36 /* SearchViewModel.swift */,
			);
			path = Search;
			sourceTree = "<group>";
		};
		6375FFF12C0B791C00EC1E36 /* DataSource */ = {
			isa = PBXGroup;
			children = (
				6375FFEF2C0B791900EC1E36 /* SearchDataSource.swift */,
				6375FFFB2C0C7A7800EC1E36 /* DestinationProps.swift */,
			);
			path = DataSource;
			sourceTree = "<group>";
		};
		6375FFF22C0B792C00EC1E36 /* View */ = {
			isa = PBXGroup;
			children = (
				6375FFF52C0C72E300EC1E36 /* OptionsStackView.swift */,
				6375FFF92C0C746100EC1E36 /* SearchContainerView.swift */,
				637500012C0C8EDE00EC1E36 /* Cell */,
				6375FFFF2C0C8C8500EC1E36 /* PlaceTableContainerView.swift */,
			);
			path = View;
			sourceTree = "<group>";
		};
		6389A3CC2C0E1C740021BFAE /* Models */ = {
			isa = PBXGroup;
			children = (
				6375FFB52C0895B400EC1E36 /* ConcertImage.swift */,
			);
			path = Models;
			sourceTree = "<group>";
		};
		6389A3CF2C0E1D220021BFAE /* GeneralModels */ = {
			isa = PBXGroup;
			children = (
				6389A3CD2C0E1D060021BFAE /* FlightModel.swift */,
			);
			path = GeneralModels;
			sourceTree = "<group>";
		};
		82178FC24FAE0B4558DCD373 /* Pods */ = {
			isa = PBXGroup;
			children = (
				9450322BD7A53063FFB9D3B9 /* Pods-AviaTicketsApp.debug.xcconfig */,
				E857FA6C4ACA5DAD79DC13A2 /* Pods-AviaTicketsApp.release.xcconfig */,
			);
			path = Pods;
			sourceTree = "<group>";
		};
		AEA695DB2CC449DCB533C6D3 /* Frameworks */ = {
			isa = PBXGroup;
			children = (
				C483D0D017FB00C759DC5473 /* Pods_AviaTicketsApp.framework */,
			);
			name = Frameworks;
			sourceTree = "<group>";
		};
/* End PBXGroup section */

/* Begin PBXNativeTarget section */
		6375FF8E2C088D0C00EC1E36 /* AviaTicketsApp */ = {
			isa = PBXNativeTarget;
			buildConfigurationList = 6375FFA32C088D1500EC1E36 /* Build configuration list for PBXNativeTarget "AviaTicketsApp" */;
			buildPhases = (
				8FFFFD0A91D87FFA0D758ED1 /* [CP] Check Pods Manifest.lock */,
				6375FF8B2C088D0C00EC1E36 /* Sources */,
				6375FF8C2C088D0C00EC1E36 /* Frameworks */,
				6375FF8D2C088D0C00EC1E36 /* Resources */,
				8B25AE6E833F681BB59334DB /* [CP] Embed Pods Frameworks */,
				6375FFBD2C089B7D00EC1E36 /* Run SwiftGen */,
			);
			buildRules = (
			);
			dependencies = (
			);
			name = AviaTicketsApp;
			productName = AviaTicketsApp;
			productReference = 6375FF8F2C088D0C00EC1E36 /* AviaTicketsApp.app */;
			productType = "com.apple.product-type.application";
		};
/* End PBXNativeTarget section */

/* Begin PBXProject section */
		6375FF872C088D0C00EC1E36 /* Project object */ = {
			isa = PBXProject;
			attributes = {
				BuildIndependentTargetsInParallel = 1;
				LastSwiftUpdateCheck = 1420;
				LastUpgradeCheck = 1420;
				TargetAttributes = {
					6375FF8E2C088D0C00EC1E36 = {
						CreatedOnToolsVersion = 14.2;
					};
				};
			};
			buildConfigurationList = 6375FF8A2C088D0C00EC1E36 /* Build configuration list for PBXProject "AviaTicketsApp" */;
			compatibilityVersion = "Xcode 14.0";
			developmentRegion = en;
			hasScannedForEncodings = 0;
			knownRegions = (
				en,
				Base,
			);
			mainGroup = 6375FF862C088D0C00EC1E36;
			productRefGroup = 6375FF902C088D0C00EC1E36 /* Products */;
			projectDirPath = "";
			projectRoot = "";
			targets = (
				6375FF8E2C088D0C00EC1E36 /* AviaTicketsApp */,
			);
		};
/* End PBXProject section */

/* Begin PBXResourcesBuildPhase section */
		6375FF8D2C088D0C00EC1E36 /* Resources */ = {
			isa = PBXResourcesBuildPhase;
			buildActionMask = 2147483647;
			files = (
				6375FF9F2C088D1500EC1E36 /* LaunchScreen.storyboard in Resources */,
				6375FF9C2C088D1500EC1E36 /* Assets.xcassets in Resources */,
				6375FF9A2C088D0C00EC1E36 /* Main.storyboard in Resources */,
				6375FFBF2C089DBD00EC1E36 /* Common.strings in Resources */,
				6375FFC12C089DCD00EC1E36 /* Main.strings in Resources */,
			);
			runOnlyForDeploymentPostprocessing = 0;
		};
/* End PBXResourcesBuildPhase section */

/* Begin PBXShellScriptBuildPhase section */
		6375FFBD2C089B7D00EC1E36 /* Run SwiftGen */ = {
			isa = PBXShellScriptBuildPhase;
			alwaysOutOfDate = 1;
			buildActionMask = 2147483647;
			files = (
			);
			inputFileListPaths = (
			);
			inputPaths = (
			);
			name = "Run SwiftGen";
			outputFileListPaths = (
			);
			outputPaths = (
			);
			runOnlyForDeploymentPostprocessing = 0;
			shellPath = /bin/sh;
			shellScript = "\"${PODS_ROOT}/SwiftGen/bin/swiftgen\" config run --config $TARGET_NAME/swiftgen.yml\n\n";
		};
		8B25AE6E833F681BB59334DB /* [CP] Embed Pods Frameworks */ = {
			isa = PBXShellScriptBuildPhase;
			buildActionMask = 2147483647;
			files = (
			);
			inputFileListPaths = (
				"${PODS_ROOT}/Target Support Files/Pods-AviaTicketsApp/Pods-AviaTicketsApp-frameworks-${CONFIGURATION}-input-files.xcfilelist",
			);
			name = "[CP] Embed Pods Frameworks";
			outputFileListPaths = (
				"${PODS_ROOT}/Target Support Files/Pods-AviaTicketsApp/Pods-AviaTicketsApp-frameworks-${CONFIGURATION}-output-files.xcfilelist",
			);
			runOnlyForDeploymentPostprocessing = 0;
			shellPath = /bin/sh;
			shellScript = "\"${PODS_ROOT}/Target Support Files/Pods-AviaTicketsApp/Pods-AviaTicketsApp-frameworks.sh\"\n";
			showEnvVarsInLog = 0;
		};
		8FFFFD0A91D87FFA0D758ED1 /* [CP] Check Pods Manifest.lock */ = {
			isa = PBXShellScriptBuildPhase;
			buildActionMask = 2147483647;
			files = (
			);
			inputFileListPaths = (
			);
			inputPaths = (
				"${PODS_PODFILE_DIR_PATH}/Podfile.lock",
				"${PODS_ROOT}/Manifest.lock",
			);
			name = "[CP] Check Pods Manifest.lock";
			outputFileListPaths = (
			);
			outputPaths = (
				"$(DERIVED_FILE_DIR)/Pods-AviaTicketsApp-checkManifestLockResult.txt",
			);
			runOnlyForDeploymentPostprocessing = 0;
			shellPath = /bin/sh;
			shellScript = "diff \"${PODS_PODFILE_DIR_PATH}/Podfile.lock\" \"${PODS_ROOT}/Manifest.lock\" > /dev/null\nif [ $? != 0 ] ; then\n    # print error to STDERR\n    echo \"error: The sandbox is not in sync with the Podfile.lock. Run 'pod install' or update your CocoaPods installation.\" >&2\n    exit 1\nfi\n# This output is used by Xcode 'outputs' to avoid re-running this script phase.\necho \"SUCCESS\" > \"${SCRIPT_OUTPUT_FILE_0}\"\n";
			showEnvVarsInLog = 0;
		};
/* End PBXShellScriptBuildPhase section */

/* Begin PBXSourcesBuildPhase section */
		6375FF8B2C088D0C00EC1E36 /* Sources */ = {
			isa = PBXSourcesBuildPhase;
			buildActionMask = 2147483647;
			files = (
				6375FFE72C0B4FA800EC1E36 /* FlightsResponce.swift in Sources */,
				6375FFD82C0A384C00EC1E36 /* ColorPalette.swift in Sources */,
				637500002C0C8C8500EC1E36 /* PlaceTableContainerView.swift in Sources */,
				6375FFE22C0B4E2800EC1E36 /* ConcertListResponse.swift in Sources */,
				6375FFE02C0B483A00EC1E36 /* APIService.swift in Sources */,
				6375FFB62C0895B400EC1E36 /* ConcertImage.swift in Sources */,
				6375FFB42C08959000EC1E36 /* MainViewModel.swift in Sources */,
				6375FFF02C0B791900EC1E36 /* SearchDataSource.swift in Sources */,
				6375FFFA2C0C746100EC1E36 /* SearchContainerView.swift in Sources */,
				6389A3C72C0DE87D0021BFAE /* PlugViewController.swift in Sources */,
				6375FFC72C08A19A00EC1E36 /* Common.swift in Sources */,
				6375FFC62C08A19A00EC1E36 /* Assets.swift in Sources */,
				6375FFC52C08A19A00EC1E36 /* Main.swift in Sources */,
				6375FFD32C0A04A300EC1E36 /* AviaCoordinator.swift in Sources */,
				6375FFCC2C08BC2E00EC1E36 /* ConsertCell.swift in Sources */,
				6375000A2C0CB66200EC1E36 /* OptionsDataSource.swift in Sources */,
				6375FFFC2C0C7A7800EC1E36 /* DestinationProps.swift in Sources */,
				6375FFAD2C08921100EC1E36 /* TabBarModel.swift in Sources */,
				637500102C0CB6C300EC1E36 /* RouteSearchContainerView.swift in Sources */,
				637500192C0D8EB700EC1E36 /* OptionCell.swift in Sources */,
				6375FFDC2C0B219C00EC1E36 /* Shadows.swift in Sources */,
				637500142C0D05C200EC1E36 /* RouteProps.swift in Sources */,
				6375FFEA2C0B78C800EC1E36 /* SearchViewController.swift in Sources */,
				6389A3CE2C0E1D060021BFAE /* FlightModel.swift in Sources */,
				6389A3D12C0E1F9F0021BFAE /* ConcertProps.swift in Sources */,
				6375FFB12C08955A00EC1E36 /* MainViewController.swift in Sources */,
				637500042C0CB48B00EC1E36 /* RouteSuggestionsViewController.swift in Sources */,
				6389A3CB2C0E19D80021BFAE /* CommingSoonCoordinator.swift in Sources */,
				6375000C2C0CB68B00EC1E36 /* RouteDataSource.swift in Sources */,
				6389A3C52C0DDA480021BFAE /* Data extension.swift in Sources */,
				6375FFE52C0B4F9900EC1E36 /* TicketsResponse.swift in Sources */,
				6375001B2C0D8ED700EC1E36 /* DateCell.swift in Sources */,
				6375FFEC2C0B78E000EC1E36 /* SearchViewModel.swift in Sources */,
				6375FFDE2C0B265C00EC1E36 /* Borders.swift in Sources */,
				637500172C0D065D00EC1E36 /* RouteCell.swift in Sources */,
				6375FF932C088D0C00EC1E36 /* AppDelegate.swift in Sources */,
				6375FFFE2C0C7AA100EC1E36 /* DestinationTableViewCell.swift in Sources */,
				637500082C0CB4BB00EC1E36 /* RouteSuggestionsModel.swift in Sources */,
				6375FF952C088D0C00EC1E36 /* SceneDelegate.swift in Sources */,
				6375FFF62C0C72E300EC1E36 /* OptionsStackView.swift in Sources */,
				6375FFB82C0895CB00EC1E36 /* AppCoordinator.swift in Sources */,
				6375FFDA2C0A3C2900EC1E36 /* Typography.swift in Sources */,
				6375FFCA2C08BBED00EC1E36 /* ConcertDataSource.swift in Sources */,
				637500122C0CB7A500EC1E36 /* RouteContainerView.swift in Sources */,
				637500062C0CB4AF00EC1E36 /* RouteSuggestionsViewModel.swift in Sources */,
			);
			runOnlyForDeploymentPostprocessing = 0;
		};
/* End PBXSourcesBuildPhase section */

/* Begin PBXVariantGroup section */
		6375FF982C088D0C00EC1E36 /* Main.storyboard */ = {
			isa = PBXVariantGroup;
			children = (
				6375FF992C088D0C00EC1E36 /* Base */,
			);
			name = Main.storyboard;
			sourceTree = "<group>";
		};
		6375FF9D2C088D1500EC1E36 /* LaunchScreen.storyboard */ = {
			isa = PBXVariantGroup;
			children = (
				6375FF9E2C088D1500EC1E36 /* Base */,
			);
			name = LaunchScreen.storyboard;
			sourceTree = "<group>";
		};
/* End PBXVariantGroup section */

/* Begin XCBuildConfiguration section */
		6375FFA12C088D1500EC1E36 /* Debug */ = {
			isa = XCBuildConfiguration;
			buildSettings = {
				ALWAYS_SEARCH_USER_PATHS = NO;
				CLANG_ANALYZER_NONNULL = YES;
				CLANG_ANALYZER_NUMBER_OBJECT_CONVERSION = YES_AGGRESSIVE;
				CLANG_CXX_LANGUAGE_STANDARD = "gnu++20";
				CLANG_ENABLE_MODULES = YES;
				CLANG_ENABLE_OBJC_ARC = YES;
				CLANG_ENABLE_OBJC_WEAK = YES;
				CLANG_WARN_BLOCK_CAPTURE_AUTORELEASING = YES;
				CLANG_WARN_BOOL_CONVERSION = YES;
				CLANG_WARN_COMMA = YES;
				CLANG_WARN_CONSTANT_CONVERSION = YES;
				CLANG_WARN_DEPRECATED_OBJC_IMPLEMENTATIONS = YES;
				CLANG_WARN_DIRECT_OBJC_ISA_USAGE = YES_ERROR;
				CLANG_WARN_DOCUMENTATION_COMMENTS = YES;
				CLANG_WARN_EMPTY_BODY = YES;
				CLANG_WARN_ENUM_CONVERSION = YES;
				CLANG_WARN_INFINITE_RECURSION = YES;
				CLANG_WARN_INT_CONVERSION = YES;
				CLANG_WARN_NON_LITERAL_NULL_CONVERSION = YES;
				CLANG_WARN_OBJC_IMPLICIT_RETAIN_SELF = YES;
				CLANG_WARN_OBJC_LITERAL_CONVERSION = YES;
				CLANG_WARN_OBJC_ROOT_CLASS = YES_ERROR;
				CLANG_WARN_QUOTED_INCLUDE_IN_FRAMEWORK_HEADER = YES;
				CLANG_WARN_RANGE_LOOP_ANALYSIS = YES;
				CLANG_WARN_STRICT_PROTOTYPES = YES;
				CLANG_WARN_SUSPICIOUS_MOVE = YES;
				CLANG_WARN_UNGUARDED_AVAILABILITY = YES_AGGRESSIVE;
				CLANG_WARN_UNREACHABLE_CODE = YES;
				CLANG_WARN__DUPLICATE_METHOD_MATCH = YES;
				COPY_PHASE_STRIP = NO;
				DEBUG_INFORMATION_FORMAT = dwarf;
				ENABLE_STRICT_OBJC_MSGSEND = YES;
				ENABLE_TESTABILITY = YES;
				GCC_C_LANGUAGE_STANDARD = gnu11;
				GCC_DYNAMIC_NO_PIC = NO;
				GCC_NO_COMMON_BLOCKS = YES;
				GCC_OPTIMIZATION_LEVEL = 0;
				GCC_PREPROCESSOR_DEFINITIONS = (
					"DEBUG=1",
					"$(inherited)",
				);
				GCC_WARN_64_TO_32_BIT_CONVERSION = YES;
				GCC_WARN_ABOUT_RETURN_TYPE = YES_ERROR;
				GCC_WARN_UNDECLARED_SELECTOR = YES;
				GCC_WARN_UNINITIALIZED_AUTOS = YES_AGGRESSIVE;
				GCC_WARN_UNUSED_FUNCTION = YES;
				GCC_WARN_UNUSED_VARIABLE = YES;
				IPHONEOS_DEPLOYMENT_TARGET = 16.2;
				MTL_ENABLE_DEBUG_INFO = INCLUDE_SOURCE;
				MTL_FAST_MATH = YES;
				ONLY_ACTIVE_ARCH = YES;
				SDKROOT = iphoneos;
				SWIFT_ACTIVE_COMPILATION_CONDITIONS = DEBUG;
				SWIFT_OPTIMIZATION_LEVEL = "-Onone";
			};
			name = Debug;
		};
		6375FFA22C088D1500EC1E36 /* Release */ = {
			isa = XCBuildConfiguration;
			buildSettings = {
				ALWAYS_SEARCH_USER_PATHS = NO;
				CLANG_ANALYZER_NONNULL = YES;
				CLANG_ANALYZER_NUMBER_OBJECT_CONVERSION = YES_AGGRESSIVE;
				CLANG_CXX_LANGUAGE_STANDARD = "gnu++20";
				CLANG_ENABLE_MODULES = YES;
				CLANG_ENABLE_OBJC_ARC = YES;
				CLANG_ENABLE_OBJC_WEAK = YES;
				CLANG_WARN_BLOCK_CAPTURE_AUTORELEASING = YES;
				CLANG_WARN_BOOL_CONVERSION = YES;
				CLANG_WARN_COMMA = YES;
				CLANG_WARN_CONSTANT_CONVERSION = YES;
				CLANG_WARN_DEPRECATED_OBJC_IMPLEMENTATIONS = YES;
				CLANG_WARN_DIRECT_OBJC_ISA_USAGE = YES_ERROR;
				CLANG_WARN_DOCUMENTATION_COMMENTS = YES;
				CLANG_WARN_EMPTY_BODY = YES;
				CLANG_WARN_ENUM_CONVERSION = YES;
				CLANG_WARN_INFINITE_RECURSION = YES;
				CLANG_WARN_INT_CONVERSION = YES;
				CLANG_WARN_NON_LITERAL_NULL_CONVERSION = YES;
				CLANG_WARN_OBJC_IMPLICIT_RETAIN_SELF = YES;
				CLANG_WARN_OBJC_LITERAL_CONVERSION = YES;
				CLANG_WARN_OBJC_ROOT_CLASS = YES_ERROR;
				CLANG_WARN_QUOTED_INCLUDE_IN_FRAMEWORK_HEADER = YES;
				CLANG_WARN_RANGE_LOOP_ANALYSIS = YES;
				CLANG_WARN_STRICT_PROTOTYPES = YES;
				CLANG_WARN_SUSPICIOUS_MOVE = YES;
				CLANG_WARN_UNGUARDED_AVAILABILITY = YES_AGGRESSIVE;
				CLANG_WARN_UNREACHABLE_CODE = YES;
				CLANG_WARN__DUPLICATE_METHOD_MATCH = YES;
				COPY_PHASE_STRIP = NO;
				DEBUG_INFORMATION_FORMAT = "dwarf-with-dsym";
				ENABLE_NS_ASSERTIONS = NO;
				ENABLE_STRICT_OBJC_MSGSEND = YES;
				GCC_C_LANGUAGE_STANDARD = gnu11;
				GCC_NO_COMMON_BLOCKS = YES;
				GCC_WARN_64_TO_32_BIT_CONVERSION = YES;
				GCC_WARN_ABOUT_RETURN_TYPE = YES_ERROR;
				GCC_WARN_UNDECLARED_SELECTOR = YES;
				GCC_WARN_UNINITIALIZED_AUTOS = YES_AGGRESSIVE;
				GCC_WARN_UNUSED_FUNCTION = YES;
				GCC_WARN_UNUSED_VARIABLE = YES;
				IPHONEOS_DEPLOYMENT_TARGET = 16.2;
				MTL_ENABLE_DEBUG_INFO = NO;
				MTL_FAST_MATH = YES;
				SDKROOT = iphoneos;
				SWIFT_COMPILATION_MODE = wholemodule;
				SWIFT_OPTIMIZATION_LEVEL = "-O";
				VALIDATE_PRODUCT = YES;
			};
			name = Release;
		};
		6375FFA42C088D1500EC1E36 /* Debug */ = {
			isa = XCBuildConfiguration;
			baseConfigurationReference = 9450322BD7A53063FFB9D3B9 /* Pods-AviaTicketsApp.debug.xcconfig */;
			buildSettings = {
				ASSETCATALOG_COMPILER_APPICON_NAME = AppIcon;
				ASSETCATALOG_COMPILER_GLOBAL_ACCENT_COLOR_NAME = AccentColor;
				CODE_SIGN_STYLE = Automatic;
				CURRENT_PROJECT_VERSION = 1;
				DEVELOPMENT_TEAM = JVW2R72ZC3;
				GENERATE_INFOPLIST_FILE = YES;
				INFOPLIST_FILE = AviaTicketsApp/Resources/Info.plist;
				INFOPLIST_KEY_UIApplicationSupportsIndirectInputEvents = YES;
				INFOPLIST_KEY_UILaunchStoryboardName = LaunchScreen;
				INFOPLIST_KEY_UIMainStoryboardFile = Main;
				INFOPLIST_KEY_UISupportedInterfaceOrientations_iPad = "UIInterfaceOrientationPortrait UIInterfaceOrientationPortraitUpsideDown UIInterfaceOrientationLandscapeLeft UIInterfaceOrientationLandscapeRight";
				INFOPLIST_KEY_UISupportedInterfaceOrientations_iPhone = "UIInterfaceOrientationPortrait UIInterfaceOrientationLandscapeLeft UIInterfaceOrientationLandscapeRight";
				LD_RUNPATH_SEARCH_PATHS = (
					"$(inherited)",
					"@executable_path/Frameworks",
				);
				MARKETING_VERSION = 1.0;
				PRODUCT_BUNDLE_IDENTIFIER = com.example.AviaTicketsApp;
				PRODUCT_NAME = "$(TARGET_NAME)";
				SWIFT_EMIT_LOC_STRINGS = YES;
				SWIFT_VERSION = 5.0;
				TARGETED_DEVICE_FAMILY = "1,2";
			};
			name = Debug;
		};
		6375FFA52C088D1500EC1E36 /* Release */ = {
			isa = XCBuildConfiguration;
			baseConfigurationReference = E857FA6C4ACA5DAD79DC13A2 /* Pods-AviaTicketsApp.release.xcconfig */;
			buildSettings = {
				ASSETCATALOG_COMPILER_APPICON_NAME = AppIcon;
				ASSETCATALOG_COMPILER_GLOBAL_ACCENT_COLOR_NAME = AccentColor;
				CODE_SIGN_STYLE = Automatic;
				CURRENT_PROJECT_VERSION = 1;
				DEVELOPMENT_TEAM = JVW2R72ZC3;
				GENERATE_INFOPLIST_FILE = YES;
				INFOPLIST_FILE = AviaTicketsApp/Resources/Info.plist;
				INFOPLIST_KEY_UIApplicationSupportsIndirectInputEvents = YES;
				INFOPLIST_KEY_UILaunchStoryboardName = LaunchScreen;
				INFOPLIST_KEY_UIMainStoryboardFile = Main;
				INFOPLIST_KEY_UISupportedInterfaceOrientations_iPad = "UIInterfaceOrientationPortrait UIInterfaceOrientationPortraitUpsideDown UIInterfaceOrientationLandscapeLeft UIInterfaceOrientationLandscapeRight";
				INFOPLIST_KEY_UISupportedInterfaceOrientations_iPhone = "UIInterfaceOrientationPortrait UIInterfaceOrientationLandscapeLeft UIInterfaceOrientationLandscapeRight";
				LD_RUNPATH_SEARCH_PATHS = (
					"$(inherited)",
					"@executable_path/Frameworks",
				);
				MARKETING_VERSION = 1.0;
				PRODUCT_BUNDLE_IDENTIFIER = com.example.AviaTicketsApp;
				PRODUCT_NAME = "$(TARGET_NAME)";
				SWIFT_EMIT_LOC_STRINGS = YES;
				SWIFT_VERSION = 5.0;
				TARGETED_DEVICE_FAMILY = "1,2";
			};
			name = Release;
		};
/* End XCBuildConfiguration section */

/* Begin XCConfigurationList section */
		6375FF8A2C088D0C00EC1E36 /* Build configuration list for PBXProject "AviaTicketsApp" */ = {
			isa = XCConfigurationList;
			buildConfigurations = (
				6375FFA12C088D1500EC1E36 /* Debug */,
				6375FFA22C088D1500EC1E36 /* Release */,
			);
			defaultConfigurationIsVisible = 0;
			defaultConfigurationName = Release;
		};
		6375FFA32C088D1500EC1E36 /* Build configuration list for PBXNativeTarget "AviaTicketsApp" */ = {
			isa = XCConfigurationList;
			buildConfigurations = (
				6375FFA42C088D1500EC1E36 /* Debug */,
				6375FFA52C088D1500EC1E36 /* Release */,
			);
			defaultConfigurationIsVisible = 0;
			defaultConfigurationName = Release;
		};
/* End XCConfigurationList section */
	};
	rootObject = 6375FF872C088D0C00EC1E36 /* Project object */;
}
